
Microsoft Visual Studio Solution File, Format Version 12.00
# Visual Studio 15
Project("{FAE04EC0-301F-11D3-BF4B-00C04F79EFBC}") = "UnityEngine.UI", "UnityEngine.UI.csproj", "{8EF0F381-1067-E636-5859-957197910C93}"
EndProject
Project("{FAE04EC0-301F-11D3-BF4B-00C04F79EFBC}") = "Unity.RenderPipelines.Core.Runtime", "Unity.RenderPipelines.Core.Runtime.csproj", "{6A841AC5-0926-9197-46D4-408D94E2C0A7}"
EndProject
Project("{FAE04EC0-301F-11D3-BF4B-00C04F79EFBC}") = "UnityEngine.TestRunner", "UnityEngine.TestRunner.csproj", "{402F34C3-E33C-6B5B-9284-8FD3E7756B1F}"
EndProject
Project("{FAE04EC0-301F-11D3-BF4B-00C04F79EFBC}") = "Unity.Mathematics", "Unity.Mathematics.csproj", "{51AF714A-D0B6-71AA-EABC-A1EF5FA3E2BC}"
EndProject
Project("{FAE04EC0-301F-11D3-BF4B-00C04F79EFBC}") = "xCVM", "xCVM.csproj", "{115E4BD4-F5D1-37F3-B2E9-D6AB9D5D54A6}"
EndProject
Project("{FAE04EC0-301F-11D3-BF4B-00C04F79EFBC}") = "UniGLTF", "UniGLTF.csproj", "{22A148EA-ABCE-05A3-BCAA-908567AE06CE}"
EndProject
Project("{FAE04EC0-301F-11D3-BF4B-00C04F79EFBC}") = "VRM", "VRM.csproj", "{D06CCB3A-B2BD-069E-AA45-921A1D652754}"
EndProject
Project("{FAE04EC0-301F-11D3-BF4B-00C04F79EFBC}") = "Unity.RenderPipelines.Universal.Runtime", "Unity.RenderPipelines.Universal.Runtime.csproj", "{C3DCF794-B786-B80E-4275-D74BB0EEBC33}"
EndProject
Project("{FAE04EC0-301F-11D3-BF4B-00C04F79EFBC}") = "VRMShaders.GLTF.IO.Runtime", "VRMShaders.GLTF.IO.Runtime.csproj", "{0C9A8F06-90F1-9DE8-052F-7AECBEED06C9}"
EndProject
Project("{FAE04EC0-301F-11D3-BF4B-00C04F79EFBC}") = "Unity.Postprocessing.Runtime", "Unity.Postprocessing.Runtime.csproj", "{B80070E8-98D0-0D11-0310-2584C771D830}"
EndProject
Project("{FAE04EC0-301F-11D3-BF4B-00C04F79EFBC}") = "xCVM_FastSpringBone", "xCVM_FastSpringBone.csproj", "{BA55C92D-D49E-5E20-CAD1-913D6E09A4BD}"
EndProject
Project("{FAE04EC0-301F-11D3-BF4B-00C04F79EFBC}") = "Unity.Burst", "Unity.Burst.csproj", "{504755CA-D4C7-F223-B178-C7837E3B1284}"
EndProject
Project("{FAE04EC0-301F-11D3-BF4B-00C04F79EFBC}") = "VRM10", "VRM10.csproj", "{91243EB1-E481-3A0F-9E63-C67E0786C151}"
EndProject
Project("{FAE04EC0-301F-11D3-BF4B-00C04F79EFBC}") = "VRMShaders.VRM10.MToon10.Runtime", "VRMShaders.VRM10.MToon10.Runtime.csproj", "{E3FB6F5C-25D6-8458-8A39-1361FF9E6591}"
EndProject
Project("{FAE04EC0-301F-11D3-BF4B-00C04F79EFBC}") = "Unity.RenderPipeline.Universal.ShaderLibrary", "Unity.RenderPipeline.Universal.ShaderLibrary.csproj", "{24A2B89B-26B8-9BAA-21EC-6FBCA1DA6C41}"
EndProject
Project("{FAE04EC0-301F-11D3-BF4B-00C04F79EFBC}") = "UniHumanoid", "UniHumanoid.csproj", "{36CB9FE8-2DF8-2C0F-D117-EC36EDA904F7}"
EndProject
Project("{FAE04EC0-301F-11D3-BF4B-00C04F79EFBC}") = "FastSpringBone", "FastSpringBone.csproj", "{D264F2CA-D5E2-DB38-0B53-119D4F8BE77D}"
EndProject
Project("{FAE04EC0-301F-11D3-BF4B-00C04F79EFBC}") = "VrmLib", "VrmLib.csproj", "{30DE14B3-592F-1C84-61F3-51D198756A7A}"
EndProject
Project("{FAE04EC0-301F-11D3-BF4B-00C04F79EFBC}") = "FastSpringBone10", "FastSpringBone10.csproj", "{C6F1CF8A-9DBB-D5CF-2678-195B1E267EAD}"
EndProject
Project("{FAE04EC0-301F-11D3-BF4B-00C04F79EFBC}") = "VRMShaders.GLTF.UniUnlit.Runtime", "VRMShaders.GLTF.UniUnlit.Runtime.csproj", "{88AF71B9-B22B-6E9F-473B-CE91F58CF78A}"
EndProject
Project("{FAE04EC0-301F-11D3-BF4B-00C04F79EFBC}") = "MToon", "MToon.csproj", "{2EC7FD64-A7A8-91C4-7B0F-7691E1CC3171}"
EndProject
Project("{FAE04EC0-301F-11D3-BF4B-00C04F79EFBC}") = "Unity.RenderPipelines.Core.ShaderLibrary", "Unity.RenderPipelines.Core.ShaderLibrary.csproj", "{14457A95-53D9-9FDF-CF60-8E67A4A2006F}"
EndProject
Project("{FAE04EC0-301F-11D3-BF4B-00C04F79EFBC}") = "VRMShaders.VRM10.Format.Runtime", "VRMShaders.VRM10.Format.Runtime.csproj", "{7AAD47FE-CC58-DEE6-C0B5-C20A60515135}"
EndProject
Project("{FAE04EC0-301F-11D3-BF4B-00C04F79EFBC}") = "UniGLTF.Utils", "UniGLTF.Utils.csproj", "{A927934D-17BC-1E1D-9C80-B4B5E9752969}"
EndProject
Project("{FAE04EC0-301F-11D3-BF4B-00C04F79EFBC}") = "VRMShaders.VRM.IO.Runtime", "VRMShaders.VRM.IO.Runtime.csproj", "{641FD6BD-17A3-1C60-2B1E-FB9C31996728}"
EndProject
Project("{FAE04EC0-301F-11D3-BF4B-00C04F79EFBC}") = "Unity.RenderPipelines.Universal.Shaders", "Unity.RenderPipelines.Universal.Shaders.csproj", "{005EBAF2-6459-DD33-E6F2-C1DCDE224B4A}"
EndProject
Project("{FAE04EC0-301F-11D3-BF4B-00C04F79EFBC}") = "Unity.RenderPipelines.ShaderGraph.ShaderGraphLibrary", "Unity.RenderPipelines.ShaderGraph.ShaderGraphLibrary.csproj", "{F117D3C2-A486-C6F3-C1FF-5AC3E213D38C}"
EndProject
Project("{FAE04EC0-301F-11D3-BF4B-00C04F79EFBC}") = "Unity.ShaderGraph.Editor", "Unity.ShaderGraph.Editor.csproj", "{EFA26F1D-5EFE-75A1-063D-1EF7B18926EF}"
EndProject
Project("{FAE04EC0-301F-11D3-BF4B-00C04F79EFBC}") = "Unity.VisualStudio.Editor", "Unity.VisualStudio.Editor.csproj", "{B97FF9A0-4828-B7D8-0BF0-887B9DDFAF6D}"
EndProject
Project("{FAE04EC0-301F-11D3-BF4B-00C04F79EFBC}") = "Unity.RenderPipelines.Universal.Editor", "Unity.RenderPipelines.Universal.Editor.csproj", "{042A506B-A378-8769-137D-3AEC1FB65C47}"
EndProject
Project("{FAE04EC0-301F-11D3-BF4B-00C04F79EFBC}") = "VRMShaders.GLTF.IO.Tests", "VRMShaders.GLTF.IO.Tests.csproj", "{500E1A67-30B9-6633-960D-8504D51652E8}"
EndProject
Project("{FAE04EC0-301F-11D3-BF4B-00C04F79EFBC}") = "UniGLTF.Tests", "UniGLTF.Tests.csproj", "{9369C02C-0C4D-D065-57D5-630C644DA9C5}"
EndProject
Project("{FAE04EC0-301F-11D3-BF4B-00C04F79EFBC}") = "Unity.RenderPipelines.Core.Editor", "Unity.RenderPipelines.Core.Editor.csproj", "{F9EFCDA7-4F67-6436-48D0-1203FAA661E7}"
EndProject
Project("{FAE04EC0-301F-11D3-BF4B-00C04F79EFBC}") = "Unity.Postprocessing.Editor", "Unity.Postprocessing.Editor.csproj", "{12BBC48A-A516-307D-20A9-81446E9EA2E7}"
EndProject
Project("{FAE04EC0-301F-11D3-BF4B-00C04F79EFBC}") = "UnityEditor.TestRunner", "UnityEditor.TestRunner.csproj", "{DDFFB26F-B129-6CD9-D332-A87CC54F172C}"
EndProject
Project("{FAE04EC0-301F-11D3-BF4B-00C04F79EFBC}") = "Unity.Rider.Editor", "Unity.Rider.Editor.csproj", "{1AB1BD26-99D3-EA60-F913-3991F6AED34B}"
EndProject
Project("{FAE04EC0-301F-11D3-BF4B-00C04F79EFBC}") = "UniVRM.Editor", "UniVRM.Editor.csproj", "{90475AB2-A2E2-619E-4D31-A484CAA1ABD5}"
EndProject
Project("{FAE04EC0-301F-11D3-BF4B-00C04F79EFBC}") = "VRMShaders.GLTF.UniUnlit.Editor", "VRMShaders.GLTF.UniUnlit.Editor.csproj", "{8ADA6DA3-9BA6-37A8-5E00-2123B481B61E}"
EndProject
Project("{FAE04EC0-301F-11D3-BF4B-00C04F79EFBC}") = "VRM10.Tests", "VRM10.Tests.csproj", "{639BA568-7B9B-638D-15BF-0342420F30C4}"
EndProject
Project("{FAE04EC0-301F-11D3-BF4B-00C04F79EFBC}") = "UniGLTF.Editor", "UniGLTF.Editor.csproj", "{4B0D8C01-9D9C-14AF-6D70-869F82499BA9}"
EndProject
Project("{FAE04EC0-301F-11D3-BF4B-00C04F79EFBC}") = "VRM10.Editor", "VRM10.Editor.csproj", "{BB33BCE9-A2FB-4E29-51F1-7616D976E656}"
EndProject
Project("{FAE04EC0-301F-11D3-BF4B-00C04F79EFBC}") = "UniHumanoid.Editor", "UniHumanoid.Editor.csproj", "{A834A573-07EF-E3F2-C892-CA0555F8600E}"
EndProject
Project("{FAE04EC0-301F-11D3-BF4B-00C04F79EFBC}") = "xCVM.Editor", "xCVM.Editor.csproj", "{67C6617F-F175-5094-05EE-FC15FAD193BB}"
EndProject
Project("{FAE04EC0-301F-11D3-BF4B-00C04F79EFBC}") = "VRM.Tests", "VRM.Tests.csproj", "{692DAD54-2467-8DA2-2DB2-D6B79354DDF6}"
EndProject
Project("{FAE04EC0-301F-11D3-BF4B-00C04F79EFBC}") = "Unity.Searcher.Editor", "Unity.Searcher.Editor.csproj", "{5AB04467-C170-FD94-13DA-E497854910A0}"
EndProject
Project("{FAE04EC0-301F-11D3-BF4B-00C04F79EFBC}") = "Unity.SysrootPackage.Editor", "Unity.SysrootPackage.Editor.csproj", "{8D51FE15-2FBA-CA03-5DFC-40A68D61E7BB}"
EndProject
Project("{FAE04EC0-301F-11D3-BF4B-00C04F79EFBC}") = "Unity.Burst.CodeGen", "Unity.Burst.CodeGen.csproj", "{C088D5D9-52E6-3577-97D2-C5B7CA6D2313}"
EndProject
Project("{FAE04EC0-301F-11D3-BF4B-00C04F79EFBC}") = "Unity.VSCode.Editor", "Unity.VSCode.Editor.csproj", "{2836D48B-2EFA-8FE9-14A2-E43F92C180B7}"
EndProject
Project("{FAE04EC0-301F-11D3-BF4B-00C04F79EFBC}") = "Unity.Toolchain.Win-x86_64-Linux-x86_64", "Unity.Toolchain.Win-x86_64-Linux-x86_64.csproj", "{7D47397D-725F-D82E-A1CB-9AB1B506729F}"
EndProject
Project("{FAE04EC0-301F-11D3-BF4B-00C04F79EFBC}") = "VrmLibTests", "VrmLibTests.csproj", "{334C019A-A9AB-0C36-2BE6-5B0BB51DE72A}"
EndProject
Project("{FAE04EC0-301F-11D3-BF4B-00C04F79EFBC}") = "UnityEditor.UI", "UnityEditor.UI.csproj", "{55EB3E7D-D41D-92FB-B1CF-EBE4B4EF94AC}"
EndProject
Project("{FAE04EC0-301F-11D3-BF4B-00C04F79EFBC}") = "xCVM.Tests", "xCVM.Tests.csproj", "{C5D7A378-58D6-014B-A999-CF07B83A1238}"
EndProject
Project("{FAE04EC0-301F-11D3-BF4B-00C04F79EFBC}") = "PPv2URPConverters", "PPv2URPConverters.csproj", "{AE9A323F-9629-7ED9-BB62-1386FD534A3C}"
EndProject
Project("{FAE04EC0-301F-11D3-BF4B-00C04F79EFBC}") = "xCVM.Samples.Editor.Tests", "xCVM.Samples.Editor.Tests.csproj", "{AC6AF687-EF46-C2DB-CC73-14493C87653A}"
EndProject
Project("{FAE04EC0-301F-11D3-BF4B-00C04F79EFBC}") = "Unity.Mathematics.Editor", "Unity.Mathematics.Editor.csproj", "{F15D6F0B-BF2D-F592-AAF0-2F9093DD3EA3}"
EndProject
Project("{FAE04EC0-301F-11D3-BF4B-00C04F79EFBC}") = "Unity.Burst.Editor", "Unity.Burst.Editor.csproj", "{74F8C5EE-1D28-4D43-FD75-9E349B639949}"
EndProject
Project("{FAE04EC0-301F-11D3-BF4B-00C04F79EFBC}") = "VRMShaders.VRM10.MToon10.Editor", "VRMShaders.VRM10.MToon10.Editor.csproj", "{321A5BC4-BC5A-A512-8E26-BE170D57AF5A}"
EndProject
Project("{FAE04EC0-301F-11D3-BF4B-00C04F79EFBC}") = "MToon.Editor", "MToon.Editor.csproj", "{D5FBDC17-EEE2-66DE-FF97-D76024CBC7B9}"
EndProject
Project("{FAE04EC0-301F-11D3-BF4B-00C04F79EFBC}") = "Unity.ShaderGraph.Utilities", "Unity.ShaderGraph.Utilities.csproj", "{29C3E8D2-61E6-83B7-1831-5C1C22181A65}"
EndProject
Project("{FAE04EC0-301F-11D3-BF4B-00C04F79EFBC}") = "Unity.Sysroot.Linux_x86_64", "Unity.Sysroot.Linux_x86_64.csproj", "{8B902E5F-2AFA-8586-0EA0-D0923A07624D}"
EndProject
Project("{FAE04EC0-301F-11D3-BF4B-00C04F79EFBC}") = "VRMShaders.GLTF.IO.Editor", "VRMShaders.GLTF.IO.Editor.csproj", "{530732AB-CAD2-C94A-12CB-90C943E034FD}"
EndProject
Project("{FAE04EC0-301F-11D3-BF4B-00C04F79EFBC}") = "VRMShaders.VRM10.MToon10.Tests", "VRMShaders.VRM10.MToon10.Tests.csproj", "{B61C38E6-C54A-0080-ADB0-8F305B5F70DF}"
EndProject
Project("{FAE04EC0-301F-11D3-BF4B-00C04F79EFBC}") = "UniHumanoid.Editor.Tests", "UniHumanoid.Editor.Tests.csproj", "{F024B6CC-3D67-FD2D-B899-A5F2D80034BA}"
EndProject
Project("{FAE04EC0-301F-11D3-BF4B-00C04F79EFBC}") = "VRM.Samples.Editor.Tests", "VRM.Samples.Editor.Tests.csproj", "{09BBD3EE-2234-E8C1-99F3-B3EE1EBC9783}"
EndProject
Project("{FAE04EC0-301F-11D3-BF4B-00C04F79EFBC}") = "UnityEngine.UI", "UnityEngine.UI.Player.csproj", "{06FEA8AF-8037-FB15-CFE1-4C5A4C9A504D}"
EndProject
Project("{FAE04EC0-301F-11D3-BF4B-00C04F79EFBC}") = "Unity.RenderPipelines.Core.Runtime", "Unity.RenderPipelines.Core.Runtime.Player.csproj", "{7A571B42-EDC3-F1FD-D4F6-B53CC400AAFA}"
EndProject
Project("{FAE04EC0-301F-11D3-BF4B-00C04F79EFBC}") = "UnityEngine.TestRunner", "UnityEngine.TestRunner.Player.csproj", "{04296751-339D-0DE2-E802-2F6C8950162A}"
EndProject
Project("{FAE04EC0-301F-11D3-BF4B-00C04F79EFBC}") = "Unity.Mathematics", "Unity.Mathematics.Player.csproj", "{E6FDE2AF-41D9-14B8-6044-7F7EC6ADB4A5}"
EndProject
Project("{FAE04EC0-301F-11D3-BF4B-00C04F79EFBC}") = "xCVM", "xCVM.Player.csproj", "{3D596C05-114C-2F7D-F880-F00A1964EA0E}"
EndProject
Project("{FAE04EC0-301F-11D3-BF4B-00C04F79EFBC}") = "UniGLTF", "UniGLTF.Player.csproj", "{CEF38BA3-0998-62A3-B8B4-7FFCE9C8B6F1}"
EndProject
Project("{FAE04EC0-301F-11D3-BF4B-00C04F79EFBC}") = "VRM", "VRM.Player.csproj", "{EB1313DF-FF1E-297D-36BC-D4C975BE3445}"
EndProject
Project("{FAE04EC0-301F-11D3-BF4B-00C04F79EFBC}") = "Unity.RenderPipelines.Universal.Runtime", "Unity.RenderPipelines.Universal.Runtime.Player.csproj", "{DBED2D8E-2800-9B44-1AEA-AF83038CDC30}"
EndProject
Project("{FAE04EC0-301F-11D3-BF4B-00C04F79EFBC}") = "VRMShaders.GLTF.IO.Runtime", "VRMShaders.GLTF.IO.Runtime.Player.csproj", "{908B3C40-7A30-4049-9D8E-EC7FF5012912}"
EndProject
Project("{FAE04EC0-301F-11D3-BF4B-00C04F79EFBC}") = "Unity.Postprocessing.Runtime", "Unity.Postprocessing.Runtime.Player.csproj", "{CF830C89-6A89-34FC-82C5-5CEBF2478F46}"
EndProject
Project("{FAE04EC0-301F-11D3-BF4B-00C04F79EFBC}") = "xCVM_FastSpringBone", "xCVM_FastSpringBone.Player.csproj", "{16BE850F-9BCA-27AD-CCE2-3ADFE80A3672}"
EndProject
Project("{FAE04EC0-301F-11D3-BF4B-00C04F79EFBC}") = "Unity.Burst", "Unity.Burst.Player.csproj", "{73109786-36B1-06A0-F5D6-709F961A0582}"
EndProject
Project("{FAE04EC0-301F-11D3-BF4B-00C04F79EFBC}") = "VRM10", "VRM10.Player.csproj", "{019C5D9E-F06F-4D95-0E27-5348D439E9D1}"
EndProject
Project("{FAE04EC0-301F-11D3-BF4B-00C04F79EFBC}") = "VRMShaders.VRM10.MToon10.Runtime", "VRMShaders.VRM10.MToon10.Runtime.Player.csproj", "{57C9D751-6265-2A2D-3E73-EB99727C75E7}"
EndProject
Project("{FAE04EC0-301F-11D3-BF4B-00C04F79EFBC}") = "Unity.RenderPipeline.Universal.ShaderLibrary", "Unity.RenderPipeline.Universal.ShaderLibrary.Player.csproj", "{D0851D42-0F6B-C7EF-9643-618CA8651BF4}"
EndProject
Project("{FAE04EC0-301F-11D3-BF4B-00C04F79EFBC}") = "UniHumanoid", "UniHumanoid.Player.csproj", "{48F25549-0E47-54E0-6146-A9AB21AFCDB2}"
EndProject
Project("{FAE04EC0-301F-11D3-BF4B-00C04F79EFBC}") = "FastSpringBone", "FastSpringBone.Player.csproj", "{AA12972C-93A3-32DD-C048-EC14EB665238}"
EndProject
Project("{FAE04EC0-301F-11D3-BF4B-00C04F79EFBC}") = "VrmLib", "VrmLib.Player.csproj", "{07E15BE1-B602-5767-282F-A0964838C695}"
EndProject
Project("{FAE04EC0-301F-11D3-BF4B-00C04F79EFBC}") = "FastSpringBone10", "FastSpringBone10.Player.csproj", "{7852DDD3-7196-C7F2-C1BF-C2E844B7484D}"
EndProject
Project("{FAE04EC0-301F-11D3-BF4B-00C04F79EFBC}") = "VRMShaders.GLTF.UniUnlit.Runtime", "VRMShaders.GLTF.UniUnlit.Runtime.Player.csproj", "{B9C2BC68-1150-1DCB-B36B-9E0C6BFB9B16}"
EndProject
Project("{FAE04EC0-301F-11D3-BF4B-00C04F79EFBC}") = "MToon", "MToon.Player.csproj", "{BE800F43-920A-4407-E7CC-E5EEA89848C4}"
EndProject
Project("{FAE04EC0-301F-11D3-BF4B-00C04F79EFBC}") = "Unity.RenderPipelines.Core.ShaderLibrary", "Unity.RenderPipelines.Core.ShaderLibrary.Player.csproj", "{A10F63BC-7E8C-D0B8-3F34-C067CF3BB649}"
EndProject
Project("{FAE04EC0-301F-11D3-BF4B-00C04F79EFBC}") = "VRMShaders.VRM10.Format.Runtime", "VRMShaders.VRM10.Format.Runtime.Player.csproj", "{E0883E86-8CB2-2F54-063A-FE603F4742A8}"
EndProject
Project("{FAE04EC0-301F-11D3-BF4B-00C04F79EFBC}") = "UniGLTF.Utils", "UniGLTF.Utils.Player.csproj", "{B14740C2-6FEC-9215-236C-9434D8512F6D}"
EndProject
Project("{FAE04EC0-301F-11D3-BF4B-00C04F79EFBC}") = "VRMShaders.VRM.IO.Runtime", "VRMShaders.VRM.IO.Runtime.Player.csproj", "{2DCD590D-B7AA-9E1E-C0F8-B5690F79AD46}"
EndProject
Project("{FAE04EC0-301F-11D3-BF4B-00C04F79EFBC}") = "Unity.RenderPipelines.Universal.Shaders", "Unity.RenderPipelines.Universal.Shaders.Player.csproj", "{0DF7C905-4A35-F019-C741-AECDC4C3FD3C}"
EndProject
Project("{FAE04EC0-301F-11D3-BF4B-00C04F79EFBC}") = "Unity.RenderPipelines.ShaderGraph.ShaderGraphLibrary", "Unity.RenderPipelines.ShaderGraph.ShaderGraphLibrary.Player.csproj", "{013CE974-0C67-A06D-06A7-50E44E8C0EB9}"
EndProject
Global
	GlobalSection(SolutionConfigurationPlatforms) = preSolution
		Debug|Any CPU = Debug|Any CPU
		Release|Any CPU = Release|Any CPU
	EndGlobalSection
	GlobalSection(ProjectConfigurationPlatforms) = postSolution
		{8EF0F381-1067-E636-5859-957197910C93}.Debug|Any CPU.ActiveCfg = Debug|Any CPU
		{8EF0F381-1067-E636-5859-957197910C93}.Debug|Any CPU.Build.0 = Debug|Any CPU
		{8EF0F381-1067-E636-5859-957197910C93}.Release|Any CPU.ActiveCfg = Release|Any CPU
		{8EF0F381-1067-E636-5859-957197910C93}.Release|Any CPU.Build.0 = Release|Any CPU
		{6A841AC5-0926-9197-46D4-408D94E2C0A7}.Debug|Any CPU.ActiveCfg = Debug|Any CPU
		{6A841AC5-0926-9197-46D4-408D94E2C0A7}.Debug|Any CPU.Build.0 = Debug|Any CPU
		{6A841AC5-0926-9197-46D4-408D94E2C0A7}.Release|Any CPU.ActiveCfg = Release|Any CPU
		{6A841AC5-0926-9197-46D4-408D94E2C0A7}.Release|Any CPU.Build.0 = Release|Any CPU
		{402F34C3-E33C-6B5B-9284-8FD3E7756B1F}.Debug|Any CPU.ActiveCfg = Debug|Any CPU
		{402F34C3-E33C-6B5B-9284-8FD3E7756B1F}.Debug|Any CPU.Build.0 = Debug|Any CPU
		{402F34C3-E33C-6B5B-9284-8FD3E7756B1F}.Release|Any CPU.ActiveCfg = Release|Any CPU
		{402F34C3-E33C-6B5B-9284-8FD3E7756B1F}.Release|Any CPU.Build.0 = Release|Any CPU
		{51AF714A-D0B6-71AA-EABC-A1EF5FA3E2BC}.Debug|Any CPU.ActiveCfg = Debug|Any CPU
		{51AF714A-D0B6-71AA-EABC-A1EF5FA3E2BC}.Debug|Any CPU.Build.0 = Debug|Any CPU
		{51AF714A-D0B6-71AA-EABC-A1EF5FA3E2BC}.Release|Any CPU.ActiveCfg = Release|Any CPU
		{51AF714A-D0B6-71AA-EABC-A1EF5FA3E2BC}.Release|Any CPU.Build.0 = Release|Any CPU
		{115E4BD4-F5D1-37F3-B2E9-D6AB9D5D54A6}.Debug|Any CPU.ActiveCfg = Debug|Any CPU
		{115E4BD4-F5D1-37F3-B2E9-D6AB9D5D54A6}.Debug|Any CPU.Build.0 = Debug|Any CPU
		{115E4BD4-F5D1-37F3-B2E9-D6AB9D5D54A6}.Release|Any CPU.ActiveCfg = Release|Any CPU
		{115E4BD4-F5D1-37F3-B2E9-D6AB9D5D54A6}.Release|Any CPU.Build.0 = Release|Any CPU
		{22A148EA-ABCE-05A3-BCAA-908567AE06CE}.Debug|Any CPU.ActiveCfg = Debug|Any CPU
		{22A148EA-ABCE-05A3-BCAA-908567AE06CE}.Debug|Any CPU.Build.0 = Debug|Any CPU
		{22A148EA-ABCE-05A3-BCAA-908567AE06CE}.Release|Any CPU.ActiveCfg = Release|Any CPU
		{22A148EA-ABCE-05A3-BCAA-908567AE06CE}.Release|Any CPU.Build.0 = Release|Any CPU
		{D06CCB3A-B2BD-069E-AA45-921A1D652754}.Debug|Any CPU.ActiveCfg = Debug|Any CPU
		{D06CCB3A-B2BD-069E-AA45-921A1D652754}.Debug|Any CPU.Build.0 = Debug|Any CPU
		{D06CCB3A-B2BD-069E-AA45-921A1D652754}.Release|Any CPU.ActiveCfg = Release|Any CPU
		{D06CCB3A-B2BD-069E-AA45-921A1D652754}.Release|Any CPU.Build.0 = Release|Any CPU
		{C3DCF794-B786-B80E-4275-D74BB0EEBC33}.Debug|Any CPU.ActiveCfg = Debug|Any CPU
		{C3DCF794-B786-B80E-4275-D74BB0EEBC33}.Debug|Any CPU.Build.0 = Debug|Any CPU
		{C3DCF794-B786-B80E-4275-D74BB0EEBC33}.Release|Any CPU.ActiveCfg = Release|Any CPU
		{C3DCF794-B786-B80E-4275-D74BB0EEBC33}.Release|Any CPU.Build.0 = Release|Any CPU
		{0C9A8F06-90F1-9DE8-052F-7AECBEED06C9}.Debug|Any CPU.ActiveCfg = Debug|Any CPU
		{0C9A8F06-90F1-9DE8-052F-7AECBEED06C9}.Debug|Any CPU.Build.0 = Debug|Any CPU
		{0C9A8F06-90F1-9DE8-052F-7AECBEED06C9}.Release|Any CPU.ActiveCfg = Release|Any CPU
		{0C9A8F06-90F1-9DE8-052F-7AECBEED06C9}.Release|Any CPU.Build.0 = Release|Any CPU
		{B80070E8-98D0-0D11-0310-2584C771D830}.Debug|Any CPU.ActiveCfg = Debug|Any CPU
		{B80070E8-98D0-0D11-0310-2584C771D830}.Debug|Any CPU.Build.0 = Debug|Any CPU
		{B80070E8-98D0-0D11-0310-2584C771D830}.Release|Any CPU.ActiveCfg = Release|Any CPU
		{B80070E8-98D0-0D11-0310-2584C771D830}.Release|Any CPU.Build.0 = Release|Any CPU
		{BA55C92D-D49E-5E20-CAD1-913D6E09A4BD}.Debug|Any CPU.ActiveCfg = Debug|Any CPU
		{BA55C92D-D49E-5E20-CAD1-913D6E09A4BD}.Debug|Any CPU.Build.0 = Debug|Any CPU
		{BA55C92D-D49E-5E20-CAD1-913D6E09A4BD}.Release|Any CPU.ActiveCfg = Release|Any CPU
		{BA55C92D-D49E-5E20-CAD1-913D6E09A4BD}.Release|Any CPU.Build.0 = Release|Any CPU
		{504755CA-D4C7-F223-B178-C7837E3B1284}.Debug|Any CPU.ActiveCfg = Debug|Any CPU
		{504755CA-D4C7-F223-B178-C7837E3B1284}.Debug|Any CPU.Build.0 = Debug|Any CPU
		{504755CA-D4C7-F223-B178-C7837E3B1284}.Release|Any CPU.ActiveCfg = Release|Any CPU
		{504755CA-D4C7-F223-B178-C7837E3B1284}.Release|Any CPU.Build.0 = Release|Any CPU
		{91243EB1-E481-3A0F-9E63-C67E0786C151}.Debug|Any CPU.ActiveCfg = Debug|Any CPU
		{91243EB1-E481-3A0F-9E63-C67E0786C151}.Debug|Any CPU.Build.0 = Debug|Any CPU
		{91243EB1-E481-3A0F-9E63-C67E0786C151}.Release|Any CPU.ActiveCfg = Release|Any CPU
		{91243EB1-E481-3A0F-9E63-C67E0786C151}.Release|Any CPU.Build.0 = Release|Any CPU
		{E3FB6F5C-25D6-8458-8A39-1361FF9E6591}.Debug|Any CPU.ActiveCfg = Debug|Any CPU
		{E3FB6F5C-25D6-8458-8A39-1361FF9E6591}.Debug|Any CPU.Build.0 = Debug|Any CPU
		{E3FB6F5C-25D6-8458-8A39-1361FF9E6591}.Release|Any CPU.ActiveCfg = Release|Any CPU
		{E3FB6F5C-25D6-8458-8A39-1361FF9E6591}.Release|Any CPU.Build.0 = Release|Any CPU
		{24A2B89B-26B8-9BAA-21EC-6FBCA1DA6C41}.Debug|Any CPU.ActiveCfg = Debug|Any CPU
		{24A2B89B-26B8-9BAA-21EC-6FBCA1DA6C41}.Debug|Any CPU.Build.0 = Debug|Any CPU
		{24A2B89B-26B8-9BAA-21EC-6FBCA1DA6C41}.Release|Any CPU.ActiveCfg = Release|Any CPU
		{24A2B89B-26B8-9BAA-21EC-6FBCA1DA6C41}.Release|Any CPU.Build.0 = Release|Any CPU
		{36CB9FE8-2DF8-2C0F-D117-EC36EDA904F7}.Debug|Any CPU.ActiveCfg = Debug|Any CPU
		{36CB9FE8-2DF8-2C0F-D117-EC36EDA904F7}.Debug|Any CPU.Build.0 = Debug|Any CPU
		{36CB9FE8-2DF8-2C0F-D117-EC36EDA904F7}.Release|Any CPU.ActiveCfg = Release|Any CPU
		{36CB9FE8-2DF8-2C0F-D117-EC36EDA904F7}.Release|Any CPU.Build.0 = Release|Any CPU
		{D264F2CA-D5E2-DB38-0B53-119D4F8BE77D}.Debug|Any CPU.ActiveCfg = Debug|Any CPU
		{D264F2CA-D5E2-DB38-0B53-119D4F8BE77D}.Debug|Any CPU.Build.0 = Debug|Any CPU
		{D264F2CA-D5E2-DB38-0B53-119D4F8BE77D}.Release|Any CPU.ActiveCfg = Release|Any CPU
		{D264F2CA-D5E2-DB38-0B53-119D4F8BE77D}.Release|Any CPU.Build.0 = Release|Any CPU
		{30DE14B3-592F-1C84-61F3-51D198756A7A}.Debug|Any CPU.ActiveCfg = Debug|Any CPU
		{30DE14B3-592F-1C84-61F3-51D198756A7A}.Debug|Any CPU.Build.0 = Debug|Any CPU
		{30DE14B3-592F-1C84-61F3-51D198756A7A}.Release|Any CPU.ActiveCfg = Release|Any CPU
		{30DE14B3-592F-1C84-61F3-51D198756A7A}.Release|Any CPU.Build.0 = Release|Any CPU
		{C6F1CF8A-9DBB-D5CF-2678-195B1E267EAD}.Debug|Any CPU.ActiveCfg = Debug|Any CPU
		{C6F1CF8A-9DBB-D5CF-2678-195B1E267EAD}.Debug|Any CPU.Build.0 = Debug|Any CPU
		{C6F1CF8A-9DBB-D5CF-2678-195B1E267EAD}.Release|Any CPU.ActiveCfg = Release|Any CPU
		{C6F1CF8A-9DBB-D5CF-2678-195B1E267EAD}.Release|Any CPU.Build.0 = Release|Any CPU
		{88AF71B9-B22B-6E9F-473B-CE91F58CF78A}.Debug|Any CPU.ActiveCfg = Debug|Any CPU
		{88AF71B9-B22B-6E9F-473B-CE91F58CF78A}.Debug|Any CPU.Build.0 = Debug|Any CPU
		{88AF71B9-B22B-6E9F-473B-CE91F58CF78A}.Release|Any CPU.ActiveCfg = Release|Any CPU
		{88AF71B9-B22B-6E9F-473B-CE91F58CF78A}.Release|Any CPU.Build.0 = Release|Any CPU
		{2EC7FD64-A7A8-91C4-7B0F-7691E1CC3171}.Debug|Any CPU.ActiveCfg = Debug|Any CPU
		{2EC7FD64-A7A8-91C4-7B0F-7691E1CC3171}.Debug|Any CPU.Build.0 = Debug|Any CPU
		{2EC7FD64-A7A8-91C4-7B0F-7691E1CC3171}.Release|Any CPU.ActiveCfg = Release|Any CPU
		{2EC7FD64-A7A8-91C4-7B0F-7691E1CC3171}.Release|Any CPU.Build.0 = Release|Any CPU
		{14457A95-53D9-9FDF-CF60-8E67A4A2006F}.Debug|Any CPU.ActiveCfg = Debug|Any CPU
		{14457A95-53D9-9FDF-CF60-8E67A4A2006F}.Debug|Any CPU.Build.0 = Debug|Any CPU
		{14457A95-53D9-9FDF-CF60-8E67A4A2006F}.Release|Any CPU.ActiveCfg = Release|Any CPU
		{14457A95-53D9-9FDF-CF60-8E67A4A2006F}.Release|Any CPU.Build.0 = Release|Any CPU
		{7AAD47FE-CC58-DEE6-C0B5-C20A60515135}.Debug|Any CPU.ActiveCfg = Debug|Any CPU
		{7AAD47FE-CC58-DEE6-C0B5-C20A60515135}.Debug|Any CPU.Build.0 = Debug|Any CPU
		{7AAD47FE-CC58-DEE6-C0B5-C20A60515135}.Release|Any CPU.ActiveCfg = Release|Any CPU
		{7AAD47FE-CC58-DEE6-C0B5-C20A60515135}.Release|Any CPU.Build.0 = Release|Any CPU
		{A927934D-17BC-1E1D-9C80-B4B5E9752969}.Debug|Any CPU.ActiveCfg = Debug|Any CPU
		{A927934D-17BC-1E1D-9C80-B4B5E9752969}.Debug|Any CPU.Build.0 = Debug|Any CPU
		{A927934D-17BC-1E1D-9C80-B4B5E9752969}.Release|Any CPU.ActiveCfg = Release|Any CPU
		{A927934D-17BC-1E1D-9C80-B4B5E9752969}.Release|Any CPU.Build.0 = Release|Any CPU
		{641FD6BD-17A3-1C60-2B1E-FB9C31996728}.Debug|Any CPU.ActiveCfg = Debug|Any CPU
		{641FD6BD-17A3-1C60-2B1E-FB9C31996728}.Debug|Any CPU.Build.0 = Debug|Any CPU
		{641FD6BD-17A3-1C60-2B1E-FB9C31996728}.Release|Any CPU.ActiveCfg = Release|Any CPU
		{641FD6BD-17A3-1C60-2B1E-FB9C31996728}.Release|Any CPU.Build.0 = Release|Any CPU
		{005EBAF2-6459-DD33-E6F2-C1DCDE224B4A}.Debug|Any CPU.ActiveCfg = Debug|Any CPU
		{005EBAF2-6459-DD33-E6F2-C1DCDE224B4A}.Debug|Any CPU.Build.0 = Debug|Any CPU
		{005EBAF2-6459-DD33-E6F2-C1DCDE224B4A}.Release|Any CPU.ActiveCfg = Release|Any CPU
		{005EBAF2-6459-DD33-E6F2-C1DCDE224B4A}.Release|Any CPU.Build.0 = Release|Any CPU
		{F117D3C2-A486-C6F3-C1FF-5AC3E213D38C}.Debug|Any CPU.ActiveCfg = Debug|Any CPU
		{F117D3C2-A486-C6F3-C1FF-5AC3E213D38C}.Debug|Any CPU.Build.0 = Debug|Any CPU
		{F117D3C2-A486-C6F3-C1FF-5AC3E213D38C}.Release|Any CPU.ActiveCfg = Release|Any CPU
		{F117D3C2-A486-C6F3-C1FF-5AC3E213D38C}.Release|Any CPU.Build.0 = Release|Any CPU
		{EFA26F1D-5EFE-75A1-063D-1EF7B18926EF}.Debug|Any CPU.ActiveCfg = Debug|Any CPU
		{EFA26F1D-5EFE-75A1-063D-1EF7B18926EF}.Debug|Any CPU.Build.0 = Debug|Any CPU
		{EFA26F1D-5EFE-75A1-063D-1EF7B18926EF}.Release|Any CPU.ActiveCfg = Release|Any CPU
		{EFA26F1D-5EFE-75A1-063D-1EF7B18926EF}.Release|Any CPU.Build.0 = Release|Any CPU
		{B97FF9A0-4828-B7D8-0BF0-887B9DDFAF6D}.Debug|Any CPU.ActiveCfg = Debug|Any CPU
		{B97FF9A0-4828-B7D8-0BF0-887B9DDFAF6D}.Debug|Any CPU.Build.0 = Debug|Any CPU
		{B97FF9A0-4828-B7D8-0BF0-887B9DDFAF6D}.Release|Any CPU.ActiveCfg = Release|Any CPU
		{B97FF9A0-4828-B7D8-0BF0-887B9DDFAF6D}.Release|Any CPU.Build.0 = Release|Any CPU
		{042A506B-A378-8769-137D-3AEC1FB65C47}.Debug|Any CPU.ActiveCfg = Debug|Any CPU
		{042A506B-A378-8769-137D-3AEC1FB65C47}.Debug|Any CPU.Build.0 = Debug|Any CPU
		{042A506B-A378-8769-137D-3AEC1FB65C47}.Release|Any CPU.ActiveCfg = Release|Any CPU
		{042A506B-A378-8769-137D-3AEC1FB65C47}.Release|Any CPU.Build.0 = Release|Any CPU
		{500E1A67-30B9-6633-960D-8504D51652E8}.Debug|Any CPU.ActiveCfg = Debug|Any CPU
		{500E1A67-30B9-6633-960D-8504D51652E8}.Debug|Any CPU.Build.0 = Debug|Any CPU
		{500E1A67-30B9-6633-960D-8504D51652E8}.Release|Any CPU.ActiveCfg = Release|Any CPU
		{500E1A67-30B9-6633-960D-8504D51652E8}.Release|Any CPU.Build.0 = Release|Any CPU
		{9369C02C-0C4D-D065-57D5-630C644DA9C5}.Debug|Any CPU.ActiveCfg = Debug|Any CPU
		{9369C02C-0C4D-D065-57D5-630C644DA9C5}.Debug|Any CPU.Build.0 = Debug|Any CPU
		{9369C02C-0C4D-D065-57D5-630C644DA9C5}.Release|Any CPU.ActiveCfg = Release|Any CPU
		{9369C02C-0C4D-D065-57D5-630C644DA9C5}.Release|Any CPU.Build.0 = Release|Any CPU
		{F9EFCDA7-4F67-6436-48D0-1203FAA661E7}.Debug|Any CPU.ActiveCfg = Debug|Any CPU
		{F9EFCDA7-4F67-6436-48D0-1203FAA661E7}.Debug|Any CPU.Build.0 = Debug|Any CPU
		{F9EFCDA7-4F67-6436-48D0-1203FAA661E7}.Release|Any CPU.ActiveCfg = Release|Any CPU
		{F9EFCDA7-4F67-6436-48D0-1203FAA661E7}.Release|Any CPU.Build.0 = Release|Any CPU
		{12BBC48A-A516-307D-20A9-81446E9EA2E7}.Debug|Any CPU.ActiveCfg = Debug|Any CPU
		{12BBC48A-A516-307D-20A9-81446E9EA2E7}.Debug|Any CPU.Build.0 = Debug|Any CPU
		{12BBC48A-A516-307D-20A9-81446E9EA2E7}.Release|Any CPU.ActiveCfg = Release|Any CPU
		{12BBC48A-A516-307D-20A9-81446E9EA2E7}.Release|Any CPU.Build.0 = Release|Any CPU
		{DDFFB26F-B129-6CD9-D332-A87CC54F172C}.Debug|Any CPU.ActiveCfg = Debug|Any CPU
		{DDFFB26F-B129-6CD9-D332-A87CC54F172C}.Debug|Any CPU.Build.0 = Debug|Any CPU
		{DDFFB26F-B129-6CD9-D332-A87CC54F172C}.Release|Any CPU.ActiveCfg = Release|Any CPU
		{DDFFB26F-B129-6CD9-D332-A87CC54F172C}.Release|Any CPU.Build.0 = Release|Any CPU
		{1AB1BD26-99D3-EA60-F913-3991F6AED34B}.Debug|Any CPU.ActiveCfg = Debug|Any CPU
		{1AB1BD26-99D3-EA60-F913-3991F6AED34B}.Debug|Any CPU.Build.0 = Debug|Any CPU
		{1AB1BD26-99D3-EA60-F913-3991F6AED34B}.Release|Any CPU.ActiveCfg = Release|Any CPU
		{1AB1BD26-99D3-EA60-F913-3991F6AED34B}.Release|Any CPU.Build.0 = Release|Any CPU
		{90475AB2-A2E2-619E-4D31-A484CAA1ABD5}.Debug|Any CPU.ActiveCfg = Debug|Any CPU
		{90475AB2-A2E2-619E-4D31-A484CAA1ABD5}.Debug|Any CPU.Build.0 = Debug|Any CPU
		{90475AB2-A2E2-619E-4D31-A484CAA1ABD5}.Release|Any CPU.ActiveCfg = Release|Any CPU
		{90475AB2-A2E2-619E-4D31-A484CAA1ABD5}.Release|Any CPU.Build.0 = Release|Any CPU
		{8ADA6DA3-9BA6-37A8-5E00-2123B481B61E}.Debug|Any CPU.ActiveCfg = Debug|Any CPU
		{8ADA6DA3-9BA6-37A8-5E00-2123B481B61E}.Debug|Any CPU.Build.0 = Debug|Any CPU
		{8ADA6DA3-9BA6-37A8-5E00-2123B481B61E}.Release|Any CPU.ActiveCfg = Release|Any CPU
		{8ADA6DA3-9BA6-37A8-5E00-2123B481B61E}.Release|Any CPU.Build.0 = Release|Any CPU
		{639BA568-7B9B-638D-15BF-0342420F30C4}.Debug|Any CPU.ActiveCfg = Debug|Any CPU
		{639BA568-7B9B-638D-15BF-0342420F30C4}.Debug|Any CPU.Build.0 = Debug|Any CPU
		{639BA568-7B9B-638D-15BF-0342420F30C4}.Release|Any CPU.ActiveCfg = Release|Any CPU
		{639BA568-7B9B-638D-15BF-0342420F30C4}.Release|Any CPU.Build.0 = Release|Any CPU
		{4B0D8C01-9D9C-14AF-6D70-869F82499BA9}.Debug|Any CPU.ActiveCfg = Debug|Any CPU
		{4B0D8C01-9D9C-14AF-6D70-869F82499BA9}.Debug|Any CPU.Build.0 = Debug|Any CPU
		{4B0D8C01-9D9C-14AF-6D70-869F82499BA9}.Release|Any CPU.ActiveCfg = Release|Any CPU
		{4B0D8C01-9D9C-14AF-6D70-869F82499BA9}.Release|Any CPU.Build.0 = Release|Any CPU
		{BB33BCE9-A2FB-4E29-51F1-7616D976E656}.Debug|Any CPU.ActiveCfg = Debug|Any CPU
		{BB33BCE9-A2FB-4E29-51F1-7616D976E656}.Debug|Any CPU.Build.0 = Debug|Any CPU
		{BB33BCE9-A2FB-4E29-51F1-7616D976E656}.Release|Any CPU.ActiveCfg = Release|Any CPU
		{BB33BCE9-A2FB-4E29-51F1-7616D976E656}.Release|Any CPU.Build.0 = Release|Any CPU
		{A834A573-07EF-E3F2-C892-CA0555F8600E}.Debug|Any CPU.ActiveCfg = Debug|Any CPU
		{A834A573-07EF-E3F2-C892-CA0555F8600E}.Debug|Any CPU.Build.0 = Debug|Any CPU
		{A834A573-07EF-E3F2-C892-CA0555F8600E}.Release|Any CPU.ActiveCfg = Release|Any CPU
		{A834A573-07EF-E3F2-C892-CA0555F8600E}.Release|Any CPU.Build.0 = Release|Any CPU
		{67C6617F-F175-5094-05EE-FC15FAD193BB}.Debug|Any CPU.ActiveCfg = Debug|Any CPU
		{67C6617F-F175-5094-05EE-FC15FAD193BB}.Debug|Any CPU.Build.0 = Debug|Any CPU
		{67C6617F-F175-5094-05EE-FC15FAD193BB}.Release|Any CPU.ActiveCfg = Release|Any CPU
		{67C6617F-F175-5094-05EE-FC15FAD193BB}.Release|Any CPU.Build.0 = Release|Any CPU
		{692DAD54-2467-8DA2-2DB2-D6B79354DDF6}.Debug|Any CPU.ActiveCfg = Debug|Any CPU
		{692DAD54-2467-8DA2-2DB2-D6B79354DDF6}.Debug|Any CPU.Build.0 = Debug|Any CPU
		{692DAD54-2467-8DA2-2DB2-D6B79354DDF6}.Release|Any CPU.ActiveCfg = Release|Any CPU
		{692DAD54-2467-8DA2-2DB2-D6B79354DDF6}.Release|Any CPU.Build.0 = Release|Any CPU
		{5AB04467-C170-FD94-13DA-E497854910A0}.Debug|Any CPU.ActiveCfg = Debug|Any CPU
		{5AB04467-C170-FD94-13DA-E497854910A0}.Debug|Any CPU.Build.0 = Debug|Any CPU
		{5AB04467-C170-FD94-13DA-E497854910A0}.Release|Any CPU.ActiveCfg = Release|Any CPU
		{5AB04467-C170-FD94-13DA-E497854910A0}.Release|Any CPU.Build.0 = Release|Any CPU
		{8D51FE15-2FBA-CA03-5DFC-40A68D61E7BB}.Debug|Any CPU.ActiveCfg = Debug|Any CPU
		{8D51FE15-2FBA-CA03-5DFC-40A68D61E7BB}.Debug|Any CPU.Build.0 = Debug|Any CPU
		{8D51FE15-2FBA-CA03-5DFC-40A68D61E7BB}.Release|Any CPU.ActiveCfg = Release|Any CPU
		{8D51FE15-2FBA-CA03-5DFC-40A68D61E7BB}.Release|Any CPU.Build.0 = Release|Any CPU
		{C088D5D9-52E6-3577-97D2-C5B7CA6D2313}.Debug|Any CPU.ActiveCfg = Debug|Any CPU
		{C088D5D9-52E6-3577-97D2-C5B7CA6D2313}.Debug|Any CPU.Build.0 = Debug|Any CPU
		{C088D5D9-52E6-3577-97D2-C5B7CA6D2313}.Release|Any CPU.ActiveCfg = Release|Any CPU
		{C088D5D9-52E6-3577-97D2-C5B7CA6D2313}.Release|Any CPU.Build.0 = Release|Any CPU
		{2836D48B-2EFA-8FE9-14A2-E43F92C180B7}.Debug|Any CPU.ActiveCfg = Debug|Any CPU
		{2836D48B-2EFA-8FE9-14A2-E43F92C180B7}.Debug|Any CPU.Build.0 = Debug|Any CPU
		{2836D48B-2EFA-8FE9-14A2-E43F92C180B7}.Release|Any CPU.ActiveCfg = Release|Any CPU
		{2836D48B-2EFA-8FE9-14A2-E43F92C180B7}.Release|Any CPU.Build.0 = Release|Any CPU
		{7D47397D-725F-D82E-A1CB-9AB1B506729F}.Debug|Any CPU.ActiveCfg = Debug|Any CPU
		{7D47397D-725F-D82E-A1CB-9AB1B506729F}.Debug|Any CPU.Build.0 = Debug|Any CPU
		{7D47397D-725F-D82E-A1CB-9AB1B506729F}.Release|Any CPU.ActiveCfg = Release|Any CPU
		{7D47397D-725F-D82E-A1CB-9AB1B506729F}.Release|Any CPU.Build.0 = Release|Any CPU
		{334C019A-A9AB-0C36-2BE6-5B0BB51DE72A}.Debug|Any CPU.ActiveCfg = Debug|Any CPU
		{334C019A-A9AB-0C36-2BE6-5B0BB51DE72A}.Debug|Any CPU.Build.0 = Debug|Any CPU
		{334C019A-A9AB-0C36-2BE6-5B0BB51DE72A}.Release|Any CPU.ActiveCfg = Release|Any CPU
		{334C019A-A9AB-0C36-2BE6-5B0BB51DE72A}.Release|Any CPU.Build.0 = Release|Any CPU
		{55EB3E7D-D41D-92FB-B1CF-EBE4B4EF94AC}.Debug|Any CPU.ActiveCfg = Debug|Any CPU
		{55EB3E7D-D41D-92FB-B1CF-EBE4B4EF94AC}.Debug|Any CPU.Build.0 = Debug|Any CPU
		{55EB3E7D-D41D-92FB-B1CF-EBE4B4EF94AC}.Release|Any CPU.ActiveCfg = Release|Any CPU
		{55EB3E7D-D41D-92FB-B1CF-EBE4B4EF94AC}.Release|Any CPU.Build.0 = Release|Any CPU
		{C5D7A378-58D6-014B-A999-CF07B83A1238}.Debug|Any CPU.ActiveCfg = Debug|Any CPU
		{C5D7A378-58D6-014B-A999-CF07B83A1238}.Debug|Any CPU.Build.0 = Debug|Any CPU
		{C5D7A378-58D6-014B-A999-CF07B83A1238}.Release|Any CPU.ActiveCfg = Release|Any CPU
		{C5D7A378-58D6-014B-A999-CF07B83A1238}.Release|Any CPU.Build.0 = Release|Any CPU
		{AE9A323F-9629-7ED9-BB62-1386FD534A3C}.Debug|Any CPU.ActiveCfg = Debug|Any CPU
		{AE9A323F-9629-7ED9-BB62-1386FD534A3C}.Debug|Any CPU.Build.0 = Debug|Any CPU
		{AE9A323F-9629-7ED9-BB62-1386FD534A3C}.Release|Any CPU.ActiveCfg = Release|Any CPU
		{AE9A323F-9629-7ED9-BB62-1386FD534A3C}.Release|Any CPU.Build.0 = Release|Any CPU
		{AC6AF687-EF46-C2DB-CC73-14493C87653A}.Debug|Any CPU.ActiveCfg = Debug|Any CPU
		{AC6AF687-EF46-C2DB-CC73-14493C87653A}.Debug|Any CPU.Build.0 = Debug|Any CPU
		{AC6AF687-EF46-C2DB-CC73-14493C87653A}.Release|Any CPU.ActiveCfg = Release|Any CPU
		{AC6AF687-EF46-C2DB-CC73-14493C87653A}.Release|Any CPU.Build.0 = Release|Any CPU
		{F15D6F0B-BF2D-F592-AAF0-2F9093DD3EA3}.Debug|Any CPU.ActiveCfg = Debug|Any CPU
		{F15D6F0B-BF2D-F592-AAF0-2F9093DD3EA3}.Debug|Any CPU.Build.0 = Debug|Any CPU
		{F15D6F0B-BF2D-F592-AAF0-2F9093DD3EA3}.Release|Any CPU.ActiveCfg = Release|Any CPU
		{F15D6F0B-BF2D-F592-AAF0-2F9093DD3EA3}.Release|Any CPU.Build.0 = Release|Any CPU
		{74F8C5EE-1D28-4D43-FD75-9E349B639949}.Debug|Any CPU.ActiveCfg = Debug|Any CPU
		{74F8C5EE-1D28-4D43-FD75-9E349B639949}.Debug|Any CPU.Build.0 = Debug|Any CPU
		{74F8C5EE-1D28-4D43-FD75-9E349B639949}.Release|Any CPU.ActiveCfg = Release|Any CPU
		{74F8C5EE-1D28-4D43-FD75-9E349B639949}.Release|Any CPU.Build.0 = Release|Any CPU
		{321A5BC4-BC5A-A512-8E26-BE170D57AF5A}.Debug|Any CPU.ActiveCfg = Debug|Any CPU
		{321A5BC4-BC5A-A512-8E26-BE170D57AF5A}.Debug|Any CPU.Build.0 = Debug|Any CPU
		{321A5BC4-BC5A-A512-8E26-BE170D57AF5A}.Release|Any CPU.ActiveCfg = Release|Any CPU
		{321A5BC4-BC5A-A512-8E26-BE170D57AF5A}.Release|Any CPU.Build.0 = Release|Any CPU
		{D5FBDC17-EEE2-66DE-FF97-D76024CBC7B9}.Debug|Any CPU.ActiveCfg = Debug|Any CPU
		{D5FBDC17-EEE2-66DE-FF97-D76024CBC7B9}.Debug|Any CPU.Build.0 = Debug|Any CPU
		{D5FBDC17-EEE2-66DE-FF97-D76024CBC7B9}.Release|Any CPU.ActiveCfg = Release|Any CPU
		{D5FBDC17-EEE2-66DE-FF97-D76024CBC7B9}.Release|Any CPU.Build.0 = Release|Any CPU
		{29C3E8D2-61E6-83B7-1831-5C1C22181A65}.Debug|Any CPU.ActiveCfg = Debug|Any CPU
		{29C3E8D2-61E6-83B7-1831-5C1C22181A65}.Debug|Any CPU.Build.0 = Debug|Any CPU
		{29C3E8D2-61E6-83B7-1831-5C1C22181A65}.Release|Any CPU.ActiveCfg = Release|Any CPU
		{29C3E8D2-61E6-83B7-1831-5C1C22181A65}.Release|Any CPU.Build.0 = Release|Any CPU
		{8B902E5F-2AFA-8586-0EA0-D0923A07624D}.Debug|Any CPU.ActiveCfg = Debug|Any CPU
		{8B902E5F-2AFA-8586-0EA0-D0923A07624D}.Debug|Any CPU.Build.0 = Debug|Any CPU
		{8B902E5F-2AFA-8586-0EA0-D0923A07624D}.Release|Any CPU.ActiveCfg = Release|Any CPU
		{8B902E5F-2AFA-8586-0EA0-D0923A07624D}.Release|Any CPU.Build.0 = Release|Any CPU
		{530732AB-CAD2-C94A-12CB-90C943E034FD}.Debug|Any CPU.ActiveCfg = Debug|Any CPU
		{530732AB-CAD2-C94A-12CB-90C943E034FD}.Debug|Any CPU.Build.0 = Debug|Any CPU
		{530732AB-CAD2-C94A-12CB-90C943E034FD}.Release|Any CPU.ActiveCfg = Release|Any CPU
		{530732AB-CAD2-C94A-12CB-90C943E034FD}.Release|Any CPU.Build.0 = Release|Any CPU
		{B61C38E6-C54A-0080-ADB0-8F305B5F70DF}.Debug|Any CPU.ActiveCfg = Debug|Any CPU
		{B61C38E6-C54A-0080-ADB0-8F305B5F70DF}.Debug|Any CPU.Build.0 = Debug|Any CPU
		{B61C38E6-C54A-0080-ADB0-8F305B5F70DF}.Release|Any CPU.ActiveCfg = Release|Any CPU
		{B61C38E6-C54A-0080-ADB0-8F305B5F70DF}.Release|Any CPU.Build.0 = Release|Any CPU
		{F024B6CC-3D67-FD2D-B899-A5F2D80034BA}.Debug|Any CPU.ActiveCfg = Debug|Any CPU
		{F024B6CC-3D67-FD2D-B899-A5F2D80034BA}.Debug|Any CPU.Build.0 = Debug|Any CPU
		{F024B6CC-3D67-FD2D-B899-A5F2D80034BA}.Release|Any CPU.ActiveCfg = Release|Any CPU
		{F024B6CC-3D67-FD2D-B899-A5F2D80034BA}.Release|Any CPU.Build.0 = Release|Any CPU
		{09BBD3EE-2234-E8C1-99F3-B3EE1EBC9783}.Debug|Any CPU.ActiveCfg = Debug|Any CPU
		{09BBD3EE-2234-E8C1-99F3-B3EE1EBC9783}.Debug|Any CPU.Build.0 = Debug|Any CPU
		{09BBD3EE-2234-E8C1-99F3-B3EE1EBC9783}.Release|Any CPU.ActiveCfg = Release|Any CPU
		{09BBD3EE-2234-E8C1-99F3-B3EE1EBC9783}.Release|Any CPU.Build.0 = Release|Any CPU
		{06FEA8AF-8037-FB15-CFE1-4C5A4C9A504D}.Debug|Any CPU.ActiveCfg = Debug|Any CPU
		{06FEA8AF-8037-FB15-CFE1-4C5A4C9A504D}.Debug|Any CPU.Build.0 = Debug|Any CPU
		{06FEA8AF-8037-FB15-CFE1-4C5A4C9A504D}.Release|Any CPU.ActiveCfg = Release|Any CPU
		{06FEA8AF-8037-FB15-CFE1-4C5A4C9A504D}.Release|Any CPU.Build.0 = Release|Any CPU
		{7A571B42-EDC3-F1FD-D4F6-B53CC400AAFA}.Debug|Any CPU.ActiveCfg = Debug|Any CPU
		{7A571B42-EDC3-F1FD-D4F6-B53CC400AAFA}.Debug|Any CPU.Build.0 = Debug|Any CPU
		{7A571B42-EDC3-F1FD-D4F6-B53CC400AAFA}.Release|Any CPU.ActiveCfg = Release|Any CPU
		{7A571B42-EDC3-F1FD-D4F6-B53CC400AAFA}.Release|Any CPU.Build.0 = Release|Any CPU
		{04296751-339D-0DE2-E802-2F6C8950162A}.Debug|Any CPU.ActiveCfg = Debug|Any CPU
		{04296751-339D-0DE2-E802-2F6C8950162A}.Debug|Any CPU.Build.0 = Debug|Any CPU
		{04296751-339D-0DE2-E802-2F6C8950162A}.Release|Any CPU.ActiveCfg = Release|Any CPU
		{04296751-339D-0DE2-E802-2F6C8950162A}.Release|Any CPU.Build.0 = Release|Any CPU
		{E6FDE2AF-41D9-14B8-6044-7F7EC6ADB4A5}.Debug|Any CPU.ActiveCfg = Debug|Any CPU
		{E6FDE2AF-41D9-14B8-6044-7F7EC6ADB4A5}.Debug|Any CPU.Build.0 = Debug|Any CPU
		{E6FDE2AF-41D9-14B8-6044-7F7EC6ADB4A5}.Release|Any CPU.ActiveCfg = Release|Any CPU
		{E6FDE2AF-41D9-14B8-6044-7F7EC6ADB4A5}.Release|Any CPU.Build.0 = Release|Any CPU
		{3D596C05-114C-2F7D-F880-F00A1964EA0E}.Debug|Any CPU.ActiveCfg = Debug|Any CPU
		{3D596C05-114C-2F7D-F880-F00A1964EA0E}.Debug|Any CPU.Build.0 = Debug|Any CPU
		{3D596C05-114C-2F7D-F880-F00A1964EA0E}.Release|Any CPU.ActiveCfg = Release|Any CPU
		{3D596C05-114C-2F7D-F880-F00A1964EA0E}.Release|Any CPU.Build.0 = Release|Any CPU
		{CEF38BA3-0998-62A3-B8B4-7FFCE9C8B6F1}.Debug|Any CPU.ActiveCfg = Debug|Any CPU
		{CEF38BA3-0998-62A3-B8B4-7FFCE9C8B6F1}.Debug|Any CPU.Build.0 = Debug|Any CPU
		{CEF38BA3-0998-62A3-B8B4-7FFCE9C8B6F1}.Release|Any CPU.ActiveCfg = Release|Any CPU
		{CEF38BA3-0998-62A3-B8B4-7FFCE9C8B6F1}.Release|Any CPU.Build.0 = Release|Any CPU
		{EB1313DF-FF1E-297D-36BC-D4C975BE3445}.Debug|Any CPU.ActiveCfg = Debug|Any CPU
		{EB1313DF-FF1E-297D-36BC-D4C975BE3445}.Debug|Any CPU.Build.0 = Debug|Any CPU
		{EB1313DF-FF1E-297D-36BC-D4C975BE3445}.Release|Any CPU.ActiveCfg = Release|Any CPU
		{EB1313DF-FF1E-297D-36BC-D4C975BE3445}.Release|Any CPU.Build.0 = Release|Any CPU
		{DBED2D8E-2800-9B44-1AEA-AF83038CDC30}.Debug|Any CPU.ActiveCfg = Debug|Any CPU
		{DBED2D8E-2800-9B44-1AEA-AF83038CDC30}.Debug|Any CPU.Build.0 = Debug|Any CPU
		{DBED2D8E-2800-9B44-1AEA-AF83038CDC30}.Release|Any CPU.ActiveCfg = Release|Any CPU
		{DBED2D8E-2800-9B44-1AEA-AF83038CDC30}.Release|Any CPU.Build.0 = Release|Any CPU
		{908B3C40-7A30-4049-9D8E-EC7FF5012912}.Debug|Any CPU.ActiveCfg = Debug|Any CPU
		{908B3C40-7A30-4049-9D8E-EC7FF5012912}.Debug|Any CPU.Build.0 = Debug|Any CPU
		{908B3C40-7A30-4049-9D8E-EC7FF5012912}.Release|Any CPU.ActiveCfg = Release|Any CPU
		{908B3C40-7A30-4049-9D8E-EC7FF5012912}.Release|Any CPU.Build.0 = Release|Any CPU
		{CF830C89-6A89-34FC-82C5-5CEBF2478F46}.Debug|Any CPU.ActiveCfg = Debug|Any CPU
		{CF830C89-6A89-34FC-82C5-5CEBF2478F46}.Debug|Any CPU.Build.0 = Debug|Any CPU
		{CF830C89-6A89-34FC-82C5-5CEBF2478F46}.Release|Any CPU.ActiveCfg = Release|Any CPU
		{CF830C89-6A89-34FC-82C5-5CEBF2478F46}.Release|Any CPU.Build.0 = Release|Any CPU
		{16BE850F-9BCA-27AD-CCE2-3ADFE80A3672}.Debug|Any CPU.ActiveCfg = Debug|Any CPU
		{16BE850F-9BCA-27AD-CCE2-3ADFE80A3672}.Debug|Any CPU.Build.0 = Debug|Any CPU
		{16BE850F-9BCA-27AD-CCE2-3ADFE80A3672}.Release|Any CPU.ActiveCfg = Release|Any CPU
		{16BE850F-9BCA-27AD-CCE2-3ADFE80A3672}.Release|Any CPU.Build.0 = Release|Any CPU
		{73109786-36B1-06A0-F5D6-709F961A0582}.Debug|Any CPU.ActiveCfg = Debug|Any CPU
		{73109786-36B1-06A0-F5D6-709F961A0582}.Debug|Any CPU.Build.0 = Debug|Any CPU
		{73109786-36B1-06A0-F5D6-709F961A0582}.Release|Any CPU.ActiveCfg = Release|Any CPU
		{73109786-36B1-06A0-F5D6-709F961A0582}.Release|Any CPU.Build.0 = Release|Any CPU
		{019C5D9E-F06F-4D95-0E27-5348D439E9D1}.Debug|Any CPU.ActiveCfg = Debug|Any CPU
		{019C5D9E-F06F-4D95-0E27-5348D439E9D1}.Debug|Any CPU.Build.0 = Debug|Any CPU
		{019C5D9E-F06F-4D95-0E27-5348D439E9D1}.Release|Any CPU.ActiveCfg = Release|Any CPU
		{019C5D9E-F06F-4D95-0E27-5348D439E9D1}.Release|Any CPU.Build.0 = Release|Any CPU
		{57C9D751-6265-2A2D-3E73-EB99727C75E7}.Debug|Any CPU.ActiveCfg = Debug|Any CPU
		{57C9D751-6265-2A2D-3E73-EB99727C75E7}.Debug|Any CPU.Build.0 = Debug|Any CPU
		{57C9D751-6265-2A2D-3E73-EB99727C75E7}.Release|Any CPU.ActiveCfg = Release|Any CPU
		{57C9D751-6265-2A2D-3E73-EB99727C75E7}.Release|Any CPU.Build.0 = Release|Any CPU
		{D0851D42-0F6B-C7EF-9643-618CA8651BF4}.Debug|Any CPU.ActiveCfg = Debug|Any CPU
		{D0851D42-0F6B-C7EF-9643-618CA8651BF4}.Debug|Any CPU.Build.0 = Debug|Any CPU
		{D0851D42-0F6B-C7EF-9643-618CA8651BF4}.Release|Any CPU.ActiveCfg = Release|Any CPU
		{D0851D42-0F6B-C7EF-9643-618CA8651BF4}.Release|Any CPU.Build.0 = Release|Any CPU
		{48F25549-0E47-54E0-6146-A9AB21AFCDB2}.Debug|Any CPU.ActiveCfg = Debug|Any CPU
		{48F25549-0E47-54E0-6146-A9AB21AFCDB2}.Debug|Any CPU.Build.0 = Debug|Any CPU
		{48F25549-0E47-54E0-6146-A9AB21AFCDB2}.Release|Any CPU.ActiveCfg = Release|Any CPU
		{48F25549-0E47-54E0-6146-A9AB21AFCDB2}.Release|Any CPU.Build.0 = Release|Any CPU
		{AA12972C-93A3-32DD-C048-EC14EB665238}.Debug|Any CPU.ActiveCfg = Debug|Any CPU
		{AA12972C-93A3-32DD-C048-EC14EB665238}.Debug|Any CPU.Build.0 = Debug|Any CPU
		{AA12972C-93A3-32DD-C048-EC14EB665238}.Release|Any CPU.ActiveCfg = Release|Any CPU
		{AA12972C-93A3-32DD-C048-EC14EB665238}.Release|Any CPU.Build.0 = Release|Any CPU
		{07E15BE1-B602-5767-282F-A0964838C695}.Debug|Any CPU.ActiveCfg = Debug|Any CPU
		{07E15BE1-B602-5767-282F-A0964838C695}.Debug|Any CPU.Build.0 = Debug|Any CPU
		{07E15BE1-B602-5767-282F-A0964838C695}.Release|Any CPU.ActiveCfg = Release|Any CPU
		{07E15BE1-B602-5767-282F-A0964838C695}.Release|Any CPU.Build.0 = Release|Any CPU
		{7852DDD3-7196-C7F2-C1BF-C2E844B7484D}.Debug|Any CPU.ActiveCfg = Debug|Any CPU
		{7852DDD3-7196-C7F2-C1BF-C2E844B7484D}.Debug|Any CPU.Build.0 = Debug|Any CPU
		{7852DDD3-7196-C7F2-C1BF-C2E844B7484D}.Release|Any CPU.ActiveCfg = Release|Any CPU
		{7852DDD3-7196-C7F2-C1BF-C2E844B7484D}.Release|Any CPU.Build.0 = Release|Any CPU
		{B9C2BC68-1150-1DCB-B36B-9E0C6BFB9B16}.Debug|Any CPU.ActiveCfg = Debug|Any CPU
		{B9C2BC68-1150-1DCB-B36B-9E0C6BFB9B16}.Debug|Any CPU.Build.0 = Debug|Any CPU
		{B9C2BC68-1150-1DCB-B36B-9E0C6BFB9B16}.Release|Any CPU.ActiveCfg = Release|Any CPU
		{B9C2BC68-1150-1DCB-B36B-9E0C6BFB9B16}.Release|Any CPU.Build.0 = Release|Any CPU
		{BE800F43-920A-4407-E7CC-E5EEA89848C4}.Debug|Any CPU.ActiveCfg = Debug|Any CPU
		{BE800F43-920A-4407-E7CC-E5EEA89848C4}.Debug|Any CPU.Build.0 = Debug|Any CPU
		{BE800F43-920A-4407-E7CC-E5EEA89848C4}.Release|Any CPU.ActiveCfg = Release|Any CPU
		{BE800F43-920A-4407-E7CC-E5EEA89848C4}.Release|Any CPU.Build.0 = Release|Any CPU
		{A10F63BC-7E8C-D0B8-3F34-C067CF3BB649}.Debug|Any CPU.ActiveCfg = Debug|Any CPU
		{A10F63BC-7E8C-D0B8-3F34-C067CF3BB649}.Debug|Any CPU.Build.0 = Debug|Any CPU
		{A10F63BC-7E8C-D0B8-3F34-C067CF3BB649}.Release|Any CPU.ActiveCfg = Release|Any CPU
		{A10F63BC-7E8C-D0B8-3F34-C067CF3BB649}.Release|Any CPU.Build.0 = Release|Any CPU
		{E0883E86-8CB2-2F54-063A-FE603F4742A8}.Debug|Any CPU.ActiveCfg = Debug|Any CPU
		{E0883E86-8CB2-2F54-063A-FE603F4742A8}.Debug|Any CPU.Build.0 = Debug|Any CPU
		{E0883E86-8CB2-2F54-063A-FE603F4742A8}.Release|Any CPU.ActiveCfg = Release|Any CPU
		{E0883E86-8CB2-2F54-063A-FE603F4742A8}.Release|Any CPU.Build.0 = Release|Any CPU
		{B14740C2-6FEC-9215-236C-9434D8512F6D}.Debug|Any CPU.ActiveCfg = Debug|Any CPU
		{B14740C2-6FEC-9215-236C-9434D8512F6D}.Debug|Any CPU.Build.0 = Debug|Any CPU
		{B14740C2-6FEC-9215-236C-9434D8512F6D}.Release|Any CPU.ActiveCfg = Release|Any CPU
		{B14740C2-6FEC-9215-236C-9434D8512F6D}.Release|Any CPU.Build.0 = Release|Any CPU
		{2DCD590D-B7AA-9E1E-C0F8-B5690F79AD46}.Debug|Any CPU.ActiveCfg = Debug|Any CPU
		{2DCD590D-B7AA-9E1E-C0F8-B5690F79AD46}.Debug|Any CPU.Build.0 = Debug|Any CPU
		{2DCD590D-B7AA-9E1E-C0F8-B5690F79AD46}.Release|Any CPU.ActiveCfg = Release|Any CPU
		{2DCD590D-B7AA-9E1E-C0F8-B5690F79AD46}.Release|Any CPU.Build.0 = Release|Any CPU
		{0DF7C905-4A35-F019-C741-AECDC4C3FD3C}.Debug|Any CPU.ActiveCfg = Debug|Any CPU
		{0DF7C905-4A35-F019-C741-AECDC4C3FD3C}.Debug|Any CPU.Build.0 = Debug|Any CPU
		{0DF7C905-4A35-F019-C741-AECDC4C3FD3C}.Release|Any CPU.ActiveCfg = Release|Any CPU
		{0DF7C905-4A35-F019-C741-AECDC4C3FD3C}.Release|Any CPU.Build.0 = Release|Any CPU
		{013CE974-0C67-A06D-06A7-50E44E8C0EB9}.Debug|Any CPU.ActiveCfg = Debug|Any CPU
		{013CE974-0C67-A06D-06A7-50E44E8C0EB9}.Debug|Any CPU.Build.0 = Debug|Any CPU
		{013CE974-0C67-A06D-06A7-50E44E8C0EB9}.Release|Any CPU.ActiveCfg = Release|Any CPU
		{013CE974-0C67-A06D-06A7-50E44E8C0EB9}.Release|Any CPU.Build.0 = Release|Any CPU
	EndGlobalSection
	GlobalSection(SolutionProperties) = preSolution
		HideSolutionNode = FALSE
	EndGlobalSection
EndGlobal
